
Microsoft Visual Studio Solution File, Format Version 12.00
# Visual Studio 15
VisualStudioVersion = 15.0.28307.421
MinimumVisualStudioVersion = 10.0.40219.1
Project("{FAE04EC0-301F-11D3-BF4B-00C04F79EFBC}") = "Day1_DataTypes", "Day1_DataTypes\Day1_DataTypes.csproj", "{382AEE96-CE30-4EF3-98BA-06D286021F4A}"
EndProject
Global
	GlobalSection(SolutionConfigurationPlatforms) = preSolution
		Debug|Any CPU = Debug|Any CPU
		Release|Any CPU = Release|Any CPU
	EndGlobalSection
	GlobalSection(ProjectConfigurationPlatforms) = postSolution
		{382AEE96-CE30-4EF3-98BA-06D286021F4A}.Debug|Any CPU.ActiveCfg = Debug|Any CPU
		{382AEE96-CE30-4EF3-98BA-06D286021F4A}.Debug|Any CPU.Build.0 = Debug|Any CPU
		{382AEE96-CE30-4EF3-98BA-06D286021F4A}.Release|Any CPU.ActiveCfg = Release|Any CPU
		{382AEE96-CE30-4EF3-98BA-06D286021F4A}.Release|Any CPU.Build.0 = Release|Any CPU
	EndGlobalSection
	GlobalSection(SolutionProperties) = preSolution
		HideSolutionNode = FALSE
	EndGlobalSection
	GlobalSection(ExtensibilityGlobals) = postSolution
		SolutionGuid = {C0C44BF6-0917-4D54-A46D-2E63255D1560}
	EndGlobalSection
EndGlobal
