
Microsoft Visual Studio Solution File, Format Version 12.00
# Visual Studio 15
VisualStudioVersion = 15.0.28307.421
MinimumVisualStudioVersion = 10.0.40219.1
Project("{9A19103F-16F7-4668-BE54-9A1E7A4F7556}") = "30DaysOfCode", "30DaysOfCode\30DaysOfCode.csproj", "{1517111F-700F-46C5-87EF-86FD60ED6A4B}"
EndProject
Project("{9A19103F-16F7-4668-BE54-9A1E7A4F7556}") = "Algorithms", "Algorithms\Algorithms.csproj", "{62FBD1C6-484E-49FD-B037-BE8CE3D216DA}"
EndProject
Project("{9A19103F-16F7-4668-BE54-9A1E7A4F7556}") = "Day2_Operators", "Day2_Operators\Day2_Operators.csproj", "{7C5F6B1C-8C02-41B9-A535-89E4DA6F853C}"
EndProject
Project("{9A19103F-16F7-4668-BE54-9A1E7A4F7556}") = "Day3_Conditions", "Day3_Conditions\Day3_Conditions.csproj", "{E0A6B1C7-D2AB-466E-B978-AED03242D2FB}"
EndProject
Project("{9A19103F-16F7-4668-BE54-9A1E7A4F7556}") = "Day4_ClassVsInstance", "Day4_ClassVsInstance\Day4_ClassVsInstance.csproj", "{D6526538-BE77-4AF1-8CC8-FECB97146C78}"
EndProject
Project("{9A19103F-16F7-4668-BE54-9A1E7A4F7556}") = "Day5_Loops", "Day5_Loops\Day5_Loops.csproj", "{69AC3357-98D5-4842-85DD-ADDB76D1E3FB}"
EndProject
Project("{9A19103F-16F7-4668-BE54-9A1E7A4F7556}") = "Day6_LetsReview", "Day6_LetsReview\Day6_LetsReview.csproj", "{754DAF2A-40F4-47D8-A6AB-710647C14F67}"
EndProject
Project("{9A19103F-16F7-4668-BE54-9A1E7A4F7556}") = "Day7_Arrays", "Day7_Arrays\Day7_Arrays.csproj", "{CD92E0A8-2862-4099-96A6-042B2C5F08BD}"
EndProject
Project("{9A19103F-16F7-4668-BE54-9A1E7A4F7556}") = "Day8_DictionariesAndMaps", "Day8_DictionariesAndMaps\Day8_DictionariesAndMaps.csproj", "{E479F921-5BC9-4C98-A707-296220B30AEF}"
EndProject
Project("{9A19103F-16F7-4668-BE54-9A1E7A4F7556}") = "Day9_Recursion3", "Day9_Recursion3\Day9_Recursion3.csproj", "{DEBF5232-CE34-46D4-8A9E-706A31597E4B}"
EndProject
Project("{FAE04EC0-301F-11D3-BF4B-00C04F79EFBC}") = "Day10_BinaryNumbers", "Day10_BinaryNumbers\Day10_BinaryNumbers.csproj", "{998E09C7-0861-4D95-8F6B-A1EFAE4B270D}"
EndProject
Global
	GlobalSection(SolutionConfigurationPlatforms) = preSolution
		Debug|Any CPU = Debug|Any CPU
		Release|Any CPU = Release|Any CPU
	EndGlobalSection
	GlobalSection(ProjectConfigurationPlatforms) = postSolution
		{1517111F-700F-46C5-87EF-86FD60ED6A4B}.Debug|Any CPU.ActiveCfg = Debug|Any CPU
		{1517111F-700F-46C5-87EF-86FD60ED6A4B}.Debug|Any CPU.Build.0 = Debug|Any CPU
		{1517111F-700F-46C5-87EF-86FD60ED6A4B}.Release|Any CPU.ActiveCfg = Release|Any CPU
		{1517111F-700F-46C5-87EF-86FD60ED6A4B}.Release|Any CPU.Build.0 = Release|Any CPU
		{62FBD1C6-484E-49FD-B037-BE8CE3D216DA}.Debug|Any CPU.ActiveCfg = Debug|Any CPU
		{62FBD1C6-484E-49FD-B037-BE8CE3D216DA}.Debug|Any CPU.Build.0 = Debug|Any CPU
		{62FBD1C6-484E-49FD-B037-BE8CE3D216DA}.Release|Any CPU.ActiveCfg = Release|Any CPU
		{62FBD1C6-484E-49FD-B037-BE8CE3D216DA}.Release|Any CPU.Build.0 = Release|Any CPU
		{7C5F6B1C-8C02-41B9-A535-89E4DA6F853C}.Debug|Any CPU.ActiveCfg = Debug|Any CPU
		{7C5F6B1C-8C02-41B9-A535-89E4DA6F853C}.Debug|Any CPU.Build.0 = Debug|Any CPU
		{7C5F6B1C-8C02-41B9-A535-89E4DA6F853C}.Release|Any CPU.ActiveCfg = Release|Any CPU
		{7C5F6B1C-8C02-41B9-A535-89E4DA6F853C}.Release|Any CPU.Build.0 = Release|Any CPU
		{E0A6B1C7-D2AB-466E-B978-AED03242D2FB}.Debug|Any CPU.ActiveCfg = Debug|Any CPU
		{E0A6B1C7-D2AB-466E-B978-AED03242D2FB}.Debug|Any CPU.Build.0 = Debug|Any CPU
		{E0A6B1C7-D2AB-466E-B978-AED03242D2FB}.Release|Any CPU.ActiveCfg = Release|Any CPU
		{E0A6B1C7-D2AB-466E-B978-AED03242D2FB}.Release|Any CPU.Build.0 = Release|Any CPU
		{D6526538-BE77-4AF1-8CC8-FECB97146C78}.Debug|Any CPU.ActiveCfg = Debug|Any CPU
		{D6526538-BE77-4AF1-8CC8-FECB97146C78}.Debug|Any CPU.Build.0 = Debug|Any CPU
		{D6526538-BE77-4AF1-8CC8-FECB97146C78}.Release|Any CPU.ActiveCfg = Release|Any CPU
		{D6526538-BE77-4AF1-8CC8-FECB97146C78}.Release|Any CPU.Build.0 = Release|Any CPU
		{69AC3357-98D5-4842-85DD-ADDB76D1E3FB}.Debug|Any CPU.ActiveCfg = Debug|Any CPU
		{69AC3357-98D5-4842-85DD-ADDB76D1E3FB}.Debug|Any CPU.Build.0 = Debug|Any CPU
		{69AC3357-98D5-4842-85DD-ADDB76D1E3FB}.Release|Any CPU.ActiveCfg = Release|Any CPU
		{69AC3357-98D5-4842-85DD-ADDB76D1E3FB}.Release|Any CPU.Build.0 = Release|Any CPU
		{754DAF2A-40F4-47D8-A6AB-710647C14F67}.Debug|Any CPU.ActiveCfg = Debug|Any CPU
		{754DAF2A-40F4-47D8-A6AB-710647C14F67}.Debug|Any CPU.Build.0 = Debug|Any CPU
		{754DAF2A-40F4-47D8-A6AB-710647C14F67}.Release|Any CPU.ActiveCfg = Release|Any CPU
		{754DAF2A-40F4-47D8-A6AB-710647C14F67}.Release|Any CPU.Build.0 = Release|Any CPU
		{CD92E0A8-2862-4099-96A6-042B2C5F08BD}.Debug|Any CPU.ActiveCfg = Debug|Any CPU
		{CD92E0A8-2862-4099-96A6-042B2C5F08BD}.Debug|Any CPU.Build.0 = Debug|Any CPU
		{CD92E0A8-2862-4099-96A6-042B2C5F08BD}.Release|Any CPU.ActiveCfg = Release|Any CPU
		{CD92E0A8-2862-4099-96A6-042B2C5F08BD}.Release|Any CPU.Build.0 = Release|Any CPU
		{E479F921-5BC9-4C98-A707-296220B30AEF}.Debug|Any CPU.ActiveCfg = Debug|Any CPU
		{E479F921-5BC9-4C98-A707-296220B30AEF}.Debug|Any CPU.Build.0 = Debug|Any CPU
		{E479F921-5BC9-4C98-A707-296220B30AEF}.Release|Any CPU.ActiveCfg = Release|Any CPU
		{E479F921-5BC9-4C98-A707-296220B30AEF}.Release|Any CPU.Build.0 = Release|Any CPU
		{DEBF5232-CE34-46D4-8A9E-706A31597E4B}.Debug|Any CPU.ActiveCfg = Debug|Any CPU
		{DEBF5232-CE34-46D4-8A9E-706A31597E4B}.Debug|Any CPU.Build.0 = Debug|Any CPU
		{DEBF5232-CE34-46D4-8A9E-706A31597E4B}.Release|Any CPU.ActiveCfg = Release|Any CPU
		{DEBF5232-CE34-46D4-8A9E-706A31597E4B}.Release|Any CPU.Build.0 = Release|Any CPU
		{998E09C7-0861-4D95-8F6B-A1EFAE4B270D}.Debug|Any CPU.ActiveCfg = Debug|Any CPU
		{998E09C7-0861-4D95-8F6B-A1EFAE4B270D}.Debug|Any CPU.Build.0 = Debug|Any CPU
		{998E09C7-0861-4D95-8F6B-A1EFAE4B270D}.Release|Any CPU.ActiveCfg = Release|Any CPU
		{998E09C7-0861-4D95-8F6B-A1EFAE4B270D}.Release|Any CPU.Build.0 = Release|Any CPU
	EndGlobalSection
	GlobalSection(SolutionProperties) = preSolution
		HideSolutionNode = FALSE
	EndGlobalSection
	GlobalSection(ExtensibilityGlobals) = postSolution
		SolutionGuid = {64DF4D92-5BB4-4FBA-AF23-3D510E087B6B}
	EndGlobalSection
EndGlobal
