
Microsoft Visual Studio Solution File, Format Version 12.00
# Visual Studio 15
VisualStudioVersion = 15.0.28307.421
MinimumVisualStudioVersion = 10.0.40219.1
Project("{FAE04EC0-301F-11D3-BF4B-00C04F79EFBC}") = "30DaysOfCode", "30DaysOfCode\30DaysOfCode.csproj", "{1517111F-700F-46C5-87EF-86FD60ED6A4B}"
EndProject
Project("{FAE04EC0-301F-11D3-BF4B-00C04F79EFBC}") = "Algorithms", "Algorithms\Algorithms.csproj", "{62FBD1C6-484E-49FD-B037-BE8CE3D216DA}"
EndProject
Global
	GlobalSection(SolutionConfigurationPlatforms) = preSolution
		Debug|Any CPU = Debug|Any CPU
		Release|Any CPU = Release|Any CPU
	EndGlobalSection
	GlobalSection(ProjectConfigurationPlatforms) = postSolution
		{1517111F-700F-46C5-87EF-86FD60ED6A4B}.Debug|Any CPU.ActiveCfg = Debug|Any CPU
		{1517111F-700F-46C5-87EF-86FD60ED6A4B}.Debug|Any CPU.Build.0 = Debug|Any CPU
		{1517111F-700F-46C5-87EF-86FD60ED6A4B}.Release|Any CPU.ActiveCfg = Release|Any CPU
		{1517111F-700F-46C5-87EF-86FD60ED6A4B}.Release|Any CPU.Build.0 = Release|Any CPU
		{62FBD1C6-484E-49FD-B037-BE8CE3D216DA}.Debug|Any CPU.ActiveCfg = Debug|Any CPU
		{62FBD1C6-484E-49FD-B037-BE8CE3D216DA}.Debug|Any CPU.Build.0 = Debug|Any CPU
		{62FBD1C6-484E-49FD-B037-BE8CE3D216DA}.Release|Any CPU.ActiveCfg = Release|Any CPU
		{62FBD1C6-484E-49FD-B037-BE8CE3D216DA}.Release|Any CPU.Build.0 = Release|Any CPU
	EndGlobalSection
	GlobalSection(SolutionProperties) = preSolution
		HideSolutionNode = FALSE
	EndGlobalSection
	GlobalSection(ExtensibilityGlobals) = postSolution
		SolutionGuid = {64DF4D92-5BB4-4FBA-AF23-3D510E087B6B}
	EndGlobalSection
EndGlobal
