
Microsoft Visual Studio Solution File, Format Version 12.00
# Visual Studio 15
VisualStudioVersion = 15.0.28307.421
MinimumVisualStudioVersion = 10.0.40219.1
Project("{FAE04EC0-301F-11D3-BF4B-00C04F79EFBC}") = "Day6_LetsReview", "Day6_LetsReview\Day6_LetsReview.csproj", "{6BA0FE16-23B0-49AF-95B1-47615546BE91}"
EndProject
Global
	GlobalSection(SolutionConfigurationPlatforms) = preSolution
		Debug|Any CPU = Debug|Any CPU
		Release|Any CPU = Release|Any CPU
	EndGlobalSection
	GlobalSection(ProjectConfigurationPlatforms) = postSolution
		{6BA0FE16-23B0-49AF-95B1-47615546BE91}.Debug|Any CPU.ActiveCfg = Debug|Any CPU
		{6BA0FE16-23B0-49AF-95B1-47615546BE91}.Debug|Any CPU.Build.0 = Debug|Any CPU
		{6BA0FE16-23B0-49AF-95B1-47615546BE91}.Release|Any CPU.ActiveCfg = Release|Any CPU
		{6BA0FE16-23B0-49AF-95B1-47615546BE91}.Release|Any CPU.Build.0 = Release|Any CPU
	EndGlobalSection
	GlobalSection(SolutionProperties) = preSolution
		HideSolutionNode = FALSE
	EndGlobalSection
	GlobalSection(ExtensibilityGlobals) = postSolution
		SolutionGuid = {74A422FD-55D2-4E59-8B5D-EA55EFB562F5}
	EndGlobalSection
EndGlobal
