
Microsoft Visual Studio Solution File, Format Version 12.00
# Visual Studio 15
VisualStudioVersion = 15.0.28307.645
MinimumVisualStudioVersion = 10.0.40219.1
Project("{FAE04EC0-301F-11D3-BF4B-00C04F79EFBC}") = "Day26_Nested_Logic", "Day26_Nested_Logic\Day26_Nested_Logic.csproj", "{D505C63F-2F4D-4A08-9641-F03CBA57C856}"
EndProject
Project("{FAE04EC0-301F-11D3-BF4B-00C04F79EFBC}") = "SolutionTest", "SolutionTest\SolutionTest.csproj", "{46146FC5-9962-4E7A-A72E-2AE5F15AC4A8}"
EndProject
Project("{2150E333-8FDC-42A3-9474-1A3956D46DE8}") = "Solution Items", "Solution Items", "{C2F9C4B6-FFDE-4F71-9994-C045C8F1A683}"
	ProjectSection(SolutionItems) = preProject
		README.md = README.md
	EndProjectSection
EndProject
Global
	GlobalSection(SolutionConfigurationPlatforms) = preSolution
		Debug|Any CPU = Debug|Any CPU
		Release|Any CPU = Release|Any CPU
	EndGlobalSection
	GlobalSection(ProjectConfigurationPlatforms) = postSolution
		{D505C63F-2F4D-4A08-9641-F03CBA57C856}.Debug|Any CPU.ActiveCfg = Debug|Any CPU
		{D505C63F-2F4D-4A08-9641-F03CBA57C856}.Debug|Any CPU.Build.0 = Debug|Any CPU
		{D505C63F-2F4D-4A08-9641-F03CBA57C856}.Release|Any CPU.ActiveCfg = Release|Any CPU
		{D505C63F-2F4D-4A08-9641-F03CBA57C856}.Release|Any CPU.Build.0 = Release|Any CPU
		{46146FC5-9962-4E7A-A72E-2AE5F15AC4A8}.Debug|Any CPU.ActiveCfg = Debug|Any CPU
		{46146FC5-9962-4E7A-A72E-2AE5F15AC4A8}.Debug|Any CPU.Build.0 = Debug|Any CPU
		{46146FC5-9962-4E7A-A72E-2AE5F15AC4A8}.Release|Any CPU.ActiveCfg = Release|Any CPU
		{46146FC5-9962-4E7A-A72E-2AE5F15AC4A8}.Release|Any CPU.Build.0 = Release|Any CPU
	EndGlobalSection
	GlobalSection(SolutionProperties) = preSolution
		HideSolutionNode = FALSE
	EndGlobalSection
	GlobalSection(ExtensibilityGlobals) = postSolution
		SolutionGuid = {07BFD1CE-8E3C-4109-AF35-6CCF958D4BE6}
	EndGlobalSection
EndGlobal
