
Microsoft Visual Studio Solution File, Format Version 12.00
# Visual Studio 15
VisualStudioVersion = 15.0.28307.645
MinimumVisualStudioVersion = 10.0.40219.1
Project("{FAE04EC0-301F-11D3-BF4B-00C04F79EFBC}") = "Day29_Bitwise_And", "Day29_Bitwise_And\Day29_Bitwise_And.csproj", "{214E5CF6-EAAB-4C15-818E-88BEE38A7FB1}"
EndProject
Project("{FAE04EC0-301F-11D3-BF4B-00C04F79EFBC}") = "SolutionTest", "SolutionTest\SolutionTest.csproj", "{BF3ACCD0-4C9A-450E-A69B-3B68899BAD90}"
EndProject
Global
	GlobalSection(SolutionConfigurationPlatforms) = preSolution
		Debug|Any CPU = Debug|Any CPU
		Release|Any CPU = Release|Any CPU
	EndGlobalSection
	GlobalSection(ProjectConfigurationPlatforms) = postSolution
		{214E5CF6-EAAB-4C15-818E-88BEE38A7FB1}.Debug|Any CPU.ActiveCfg = Debug|Any CPU
		{214E5CF6-EAAB-4C15-818E-88BEE38A7FB1}.Debug|Any CPU.Build.0 = Debug|Any CPU
		{214E5CF6-EAAB-4C15-818E-88BEE38A7FB1}.Release|Any CPU.ActiveCfg = Release|Any CPU
		{214E5CF6-EAAB-4C15-818E-88BEE38A7FB1}.Release|Any CPU.Build.0 = Release|Any CPU
		{BF3ACCD0-4C9A-450E-A69B-3B68899BAD90}.Debug|Any CPU.ActiveCfg = Debug|Any CPU
		{BF3ACCD0-4C9A-450E-A69B-3B68899BAD90}.Debug|Any CPU.Build.0 = Debug|Any CPU
		{BF3ACCD0-4C9A-450E-A69B-3B68899BAD90}.Release|Any CPU.ActiveCfg = Release|Any CPU
		{BF3ACCD0-4C9A-450E-A69B-3B68899BAD90}.Release|Any CPU.Build.0 = Release|Any CPU
	EndGlobalSection
	GlobalSection(SolutionProperties) = preSolution
		HideSolutionNode = FALSE
	EndGlobalSection
	GlobalSection(ExtensibilityGlobals) = postSolution
		SolutionGuid = {A475FEE9-62CC-4547-A310-96EB4B4B3D41}
	EndGlobalSection
EndGlobal
